
Microsoft Visual Studio Solution File, Format Version 12.00
# Visual Studio 15
Project("{FAE04EC0-301F-11D3-BF4B-00C04F79EFBC}") = "Assembly-CSharp", "Assembly-CSharp.csproj", "{584FFBD7-0097-20C6-637C-9CC034552BAC}"
EndProject
Global
	GlobalSection(SolutionConfigurationPlatforms) = preSolution
		Debug|Any CPU = Debug|Any CPU
		Release|Any CPU = Release|Any CPU
	EndGlobalSection
	GlobalSection(ProjectConfigurationPlatforms) = postSolution
		{584FFBD7-0097-20C6-637C-9CC034552BAC}.Debug|Any CPU.ActiveCfg = Debug|Any CPU
		{584FFBD7-0097-20C6-637C-9CC034552BAC}.Debug|Any CPU.Build.0 = Debug|Any CPU
		{584FFBD7-0097-20C6-637C-9CC034552BAC}.Release|Any CPU.ActiveCfg = Release|Any CPU
		{584FFBD7-0097-20C6-637C-9CC034552BAC}.Release|Any CPU.Build.0 = Release|Any CPU
	EndGlobalSection
	GlobalSection(SolutionProperties) = preSolution
		HideSolutionNode = FALSE
	EndGlobalSection
EndGlobal
